
Microsoft Visual Studio Solution File, Format Version 12.00
# Visual Studio Version 16
VisualStudioVersion = 16.0.29306.81
MinimumVisualStudioVersion = 10.0.40219.1
Project("{9A19103F-16F7-4668-BE54-9A1E7A4F7556}") = "RecipeWebSite", "RecipeWebSite\RecipeWebSite.csproj", "{BD73F4B8-5B6F-487B-ADCE-7C34E9AE39BC}"
EndProject
Global
	GlobalSection(SolutionConfigurationPlatforms) = preSolution
		Debug|Any CPU = Debug|Any CPU
		Release|Any CPU = Release|Any CPU
	EndGlobalSection
	GlobalSection(ProjectConfigurationPlatforms) = postSolution
		{BD73F4B8-5B6F-487B-ADCE-7C34E9AE39BC}.Debug|Any CPU.ActiveCfg = Debug|Any CPU
		{BD73F4B8-5B6F-487B-ADCE-7C34E9AE39BC}.Debug|Any CPU.Build.0 = Debug|Any CPU
		{BD73F4B8-5B6F-487B-ADCE-7C34E9AE39BC}.Release|Any CPU.ActiveCfg = Release|Any CPU
		{BD73F4B8-5B6F-487B-ADCE-7C34E9AE39BC}.Release|Any CPU.Build.0 = Release|Any CPU
	EndGlobalSection
	GlobalSection(SolutionProperties) = preSolution
		HideSolutionNode = FALSE
	EndGlobalSection
	GlobalSection(ExtensibilityGlobals) = postSolution
		SolutionGuid = {AE6CFA99-0922-4FC6-8D04-7516F3F7C09D}
	EndGlobalSection
EndGlobal
